// !$*UTF8*$!
{
	archiveVersion = 1;
	classes = {
	};
	objectVersion = 46;
	objects = {

/* Begin PBXBuildFile section */
		5D4F4E791E6C5E8F00469846 /* SwiftyJSON.swift in Sources */ = {isa = PBXBuildFile; fileRef = 5D4F4E781E6C5E8F00469846 /* SwiftyJSON.swift */; };
		5D4F4E7B1E6C702F00469846 /* RequestService.swift in Sources */ = {isa = PBXBuildFile; fileRef = 5D4F4E7A1E6C702F00469846 /* RequestService.swift */; };
		5D4F4E7D1E6C75C900469846 /* Constants.swift in Sources */ = {isa = PBXBuildFile; fileRef = 5D4F4E7C1E6C75C900469846 /* Constants.swift */; };
		5D4F4E7F1E6C95BB00469846 /* Extensions.swift in Sources */ = {isa = PBXBuildFile; fileRef = 5D4F4E7E1E6C95BB00469846 /* Extensions.swift */; };
		5D4F4E821E6CA0A300469846 /* TableViewCellBuilder.swift in Sources */ = {isa = PBXBuildFile; fileRef = 5D4F4E811E6CA0A300469846 /* TableViewCellBuilder.swift */; };
		5D4F4E841E6CA11000469846 /* BaseTableViewCell.swift in Sources */ = {isa = PBXBuildFile; fileRef = 5D4F4E831E6CA11000469846 /* BaseTableViewCell.swift */; };
		5D4F4E871E6CA2E100469846 /* RSSListTableViewCell.swift in Sources */ = {isa = PBXBuildFile; fileRef = 5D4F4E851E6CA2E100469846 /* RSSListTableViewCell.swift */; };
		5D4F4E881E6CA2E100469846 /* RSSListTableViewCell.xib in Resources */ = {isa = PBXBuildFile; fileRef = 5D4F4E861E6CA2E100469846 /* RSSListTableViewCell.xib */; };
		5D4F4E8C1E6CB9F600469846 /* Alert.swift in Sources */ = {isa = PBXBuildFile; fileRef = 5D4F4E8B1E6CB9F600469846 /* Alert.swift */; };
		5D4F4E8E1E6CD52B00469846 /* LoadingView.swift in Sources */ = {isa = PBXBuildFile; fileRef = 5D4F4E8D1E6CD52B00469846 /* LoadingView.swift */; };
		5D4F4E901E6CD9CE00469846 /* Segues.swift in Sources */ = {isa = PBXBuildFile; fileRef = 5D4F4E8F1E6CD9CE00469846 /* Segues.swift */; };
		5D4F4E941E6CDE9700469846 /* RSSNewsTableViewCell.swift in Sources */ = {isa = PBXBuildFile; fileRef = 5D4F4E921E6CDE9700469846 /* RSSNewsTableViewCell.swift */; };
		5D4F4E951E6CDE9700469846 /* RSSNewsTableViewCell.xib in Resources */ = {isa = PBXBuildFile; fileRef = 5D4F4E931E6CDE9700469846 /* RSSNewsTableViewCell.xib */; };
		5D4F4E991E6D767800469846 /* RSSNewsDetailsTableViewCell.swift in Sources */ = {isa = PBXBuildFile; fileRef = 5D4F4E971E6D767800469846 /* RSSNewsDetailsTableViewCell.swift */; };
		5D4F4E9A1E6D767800469846 /* RSSNewsDetailsTableViewCell.xib in Resources */ = {isa = PBXBuildFile; fileRef = 5D4F4E981E6D767800469846 /* RSSNewsDetailsTableViewCell.xib */; };
		5D9356BC1E6C499D00D0CD9B /* AppDelegate.swift in Sources */ = {isa = PBXBuildFile; fileRef = 5D9356BB1E6C499D00D0CD9B /* AppDelegate.swift */; };
		5D9356C11E6C499D00D0CD9B /* Main.storyboard in Resources */ = {isa = PBXBuildFile; fileRef = 5D9356BF1E6C499D00D0CD9B /* Main.storyboard */; };
		5D9356C41E6C499D00D0CD9B /* RSS_Reader.xcdatamodeld in Sources */ = {isa = PBXBuildFile; fileRef = 5D9356C21E6C499D00D0CD9B /* RSS_Reader.xcdatamodeld */; };
		5D9356C61E6C499D00D0CD9B /* Assets.xcassets in Resources */ = {isa = PBXBuildFile; fileRef = 5D9356C51E6C499D00D0CD9B /* Assets.xcassets */; };
		5D9356C91E6C499D00D0CD9B /* LaunchScreen.storyboard in Resources */ = {isa = PBXBuildFile; fileRef = 5D9356C71E6C499D00D0CD9B /* LaunchScreen.storyboard */; };
		5D9356D61E6C4AD400D0CD9B /* BaseViewController.swift in Sources */ = {isa = PBXBuildFile; fileRef = 5D9356D51E6C4AD400D0CD9B /* BaseViewController.swift */; };
		5D9356D91E6C4B0600D0CD9B /* RSSListViewController.swift in Sources */ = {isa = PBXBuildFile; fileRef = 5D9356D81E6C4B0600D0CD9B /* RSSListViewController.swift */; };
		5D9356DB1E6C4B6D00D0CD9B /* RSSNewsFeedViewController.swift in Sources */ = {isa = PBXBuildFile; fileRef = 5D9356DA1E6C4B6D00D0CD9B /* RSSNewsFeedViewController.swift */; };
		5D9356DD1E6C4B8000D0CD9B /* RSSNewsDetailsViewController.swift in Sources */ = {isa = PBXBuildFile; fileRef = 5D9356DC1E6C4B8000D0CD9B /* RSSNewsDetailsViewController.swift */; };
		5D9357021E6C530100D0CD9B /* RSSSource+CoreDataClass.swift in Sources */ = {isa = PBXBuildFile; fileRef = 5D9356FE1E6C530100D0CD9B /* RSSSource+CoreDataClass.swift */; };
		5D9357031E6C530100D0CD9B /* RSSSource+CoreDataProperties.swift in Sources */ = {isa = PBXBuildFile; fileRef = 5D9356FF1E6C530100D0CD9B /* RSSSource+CoreDataProperties.swift */; };
		5D9357041E6C530100D0CD9B /* RSSNews+CoreDataClass.swift in Sources */ = {isa = PBXBuildFile; fileRef = 5D9357001E6C530100D0CD9B /* RSSNews+CoreDataClass.swift */; };
		5D9357051E6C530100D0CD9B /* RSSNews+CoreDataProperties.swift in Sources */ = {isa = PBXBuildFile; fileRef = 5D9357011E6C530100D0CD9B /* RSSNews+CoreDataProperties.swift */; };
		5D9357071E6C536F00D0CD9B /* NetworkService.swift in Sources */ = {isa = PBXBuildFile; fileRef = 5D9357061E6C536F00D0CD9B /* NetworkService.swift */; };
		5D9357091E6C538800D0CD9B /* CoreDataStack.swift in Sources */ = {isa = PBXBuildFile; fileRef = 5D9357081E6C538800D0CD9B /* CoreDataStack.swift */; };
		8CBE655368CEF5F7D9B86028 /* Pods_RSS_Reader.framework in Frameworks */ = {isa = PBXBuildFile; fileRef = 1544EBD944FE0D66394ED553 /* Pods_RSS_Reader.framework */; };
/* End PBXBuildFile section */

/* Begin PBXFileReference section */
		1544EBD944FE0D66394ED553 /* Pods_RSS_Reader.framework */ = {isa = PBXFileReference; explicitFileType = wrapper.framework; includeInIndex = 0; path = Pods_RSS_Reader.framework; sourceTree = BUILT_PRODUCTS_DIR; };
		5D4F4E781E6C5E8F00469846 /* SwiftyJSON.swift */ = {isa = PBXFileReference; fileEncoding = 4; lastKnownFileType = sourcecode.swift; path = SwiftyJSON.swift; sourceTree = "<group>"; };
		5D4F4E7A1E6C702F00469846 /* RequestService.swift */ = {isa = PBXFileReference; fileEncoding = 4; lastKnownFileType = sourcecode.swift; path = RequestService.swift; sourceTree = "<group>"; };
		5D4F4E7C1E6C75C900469846 /* Constants.swift */ = {isa = PBXFileReference; fileEncoding = 4; lastKnownFileType = sourcecode.swift; path = Constants.swift; sourceTree = "<group>"; };
		5D4F4E7E1E6C95BB00469846 /* Extensions.swift */ = {isa = PBXFileReference; fileEncoding = 4; lastKnownFileType = sourcecode.swift; path = Extensions.swift; sourceTree = "<group>"; };
		5D4F4E811E6CA0A300469846 /* TableViewCellBuilder.swift */ = {isa = PBXFileReference; fileEncoding = 4; lastKnownFileType = sourcecode.swift; path = TableViewCellBuilder.swift; sourceTree = "<group>"; };
		5D4F4E831E6CA11000469846 /* BaseTableViewCell.swift */ = {isa = PBXFileReference; fileEncoding = 4; lastKnownFileType = sourcecode.swift; path = BaseTableViewCell.swift; sourceTree = "<group>"; };
		5D4F4E851E6CA2E100469846 /* RSSListTableViewCell.swift */ = {isa = PBXFileReference; fileEncoding = 4; lastKnownFileType = sourcecode.swift; path = RSSListTableViewCell.swift; sourceTree = "<group>"; };
		5D4F4E861E6CA2E100469846 /* RSSListTableViewCell.xib */ = {isa = PBXFileReference; fileEncoding = 4; lastKnownFileType = file.xib; path = RSSListTableViewCell.xib; sourceTree = "<group>"; };
		5D4F4E8B1E6CB9F600469846 /* Alert.swift */ = {isa = PBXFileReference; fileEncoding = 4; lastKnownFileType = sourcecode.swift; path = Alert.swift; sourceTree = "<group>"; };
		5D4F4E8D1E6CD52B00469846 /* LoadingView.swift */ = {isa = PBXFileReference; fileEncoding = 4; lastKnownFileType = sourcecode.swift; path = LoadingView.swift; sourceTree = "<group>"; };
		5D4F4E8F1E6CD9CE00469846 /* Segues.swift */ = {isa = PBXFileReference; fileEncoding = 4; lastKnownFileType = sourcecode.swift; path = Segues.swift; sourceTree = "<group>"; };
		5D4F4E921E6CDE9700469846 /* RSSNewsTableViewCell.swift */ = {isa = PBXFileReference; fileEncoding = 4; lastKnownFileType = sourcecode.swift; path = RSSNewsTableViewCell.swift; sourceTree = "<group>"; };
		5D4F4E931E6CDE9700469846 /* RSSNewsTableViewCell.xib */ = {isa = PBXFileReference; fileEncoding = 4; lastKnownFileType = file.xib; path = RSSNewsTableViewCell.xib; sourceTree = "<group>"; };
		5D4F4E971E6D767800469846 /* RSSNewsDetailsTableViewCell.swift */ = {isa = PBXFileReference; fileEncoding = 4; lastKnownFileType = sourcecode.swift; path = RSSNewsDetailsTableViewCell.swift; sourceTree = "<group>"; };
		5D4F4E981E6D767800469846 /* RSSNewsDetailsTableViewCell.xib */ = {isa = PBXFileReference; fileEncoding = 4; lastKnownFileType = file.xib; path = RSSNewsDetailsTableViewCell.xib; sourceTree = "<group>"; };
		5D9356B81E6C499D00D0CD9B /* RSS Reader.app */ = {isa = PBXFileReference; explicitFileType = wrapper.application; includeInIndex = 0; path = "RSS Reader.app"; sourceTree = BUILT_PRODUCTS_DIR; };
		5D9356BB1E6C499D00D0CD9B /* AppDelegate.swift */ = {isa = PBXFileReference; lastKnownFileType = sourcecode.swift; path = AppDelegate.swift; sourceTree = "<group>"; };
		5D9356C01E6C499D00D0CD9B /* Base */ = {isa = PBXFileReference; lastKnownFileType = file.storyboard; name = Base; path = Base.lproj/Main.storyboard; sourceTree = "<group>"; };
		5D9356C31E6C499D00D0CD9B /* RSS_Reader.xcdatamodel */ = {isa = PBXFileReference; lastKnownFileType = wrapper.xcdatamodel; path = RSS_Reader.xcdatamodel; sourceTree = "<group>"; };
		5D9356C51E6C499D00D0CD9B /* Assets.xcassets */ = {isa = PBXFileReference; lastKnownFileType = folder.assetcatalog; path = Assets.xcassets; sourceTree = "<group>"; };
		5D9356C81E6C499D00D0CD9B /* Base */ = {isa = PBXFileReference; lastKnownFileType = file.storyboard; name = Base; path = Base.lproj/LaunchScreen.storyboard; sourceTree = "<group>"; };
		5D9356CA1E6C499D00D0CD9B /* Info.plist */ = {isa = PBXFileReference; lastKnownFileType = text.plist.xml; path = Info.plist; sourceTree = "<group>"; };
		5D9356D51E6C4AD400D0CD9B /* BaseViewController.swift */ = {isa = PBXFileReference; fileEncoding = 4; lastKnownFileType = sourcecode.swift; path = BaseViewController.swift; sourceTree = "<group>"; };
		5D9356D81E6C4B0600D0CD9B /* RSSListViewController.swift */ = {isa = PBXFileReference; fileEncoding = 4; lastKnownFileType = sourcecode.swift; path = RSSListViewController.swift; sourceTree = "<group>"; };
		5D9356DA1E6C4B6D00D0CD9B /* RSSNewsFeedViewController.swift */ = {isa = PBXFileReference; fileEncoding = 4; lastKnownFileType = sourcecode.swift; path = RSSNewsFeedViewController.swift; sourceTree = "<group>"; };
		5D9356DC1E6C4B8000D0CD9B /* RSSNewsDetailsViewController.swift */ = {isa = PBXFileReference; fileEncoding = 4; lastKnownFileType = sourcecode.swift; path = RSSNewsDetailsViewController.swift; sourceTree = "<group>"; };
		5D9356FE1E6C530100D0CD9B /* RSSSource+CoreDataClass.swift */ = {isa = PBXFileReference; fileEncoding = 4; lastKnownFileType = sourcecode.swift; path = "RSSSource+CoreDataClass.swift"; sourceTree = "<group>"; };
		5D9356FF1E6C530100D0CD9B /* RSSSource+CoreDataProperties.swift */ = {isa = PBXFileReference; fileEncoding = 4; lastKnownFileType = sourcecode.swift; path = "RSSSource+CoreDataProperties.swift"; sourceTree = "<group>"; };
		5D9357001E6C530100D0CD9B /* RSSNews+CoreDataClass.swift */ = {isa = PBXFileReference; fileEncoding = 4; lastKnownFileType = sourcecode.swift; path = "RSSNews+CoreDataClass.swift"; sourceTree = "<group>"; };
		5D9357011E6C530100D0CD9B /* RSSNews+CoreDataProperties.swift */ = {isa = PBXFileReference; fileEncoding = 4; lastKnownFileType = sourcecode.swift; path = "RSSNews+CoreDataProperties.swift"; sourceTree = "<group>"; };
		5D9357061E6C536F00D0CD9B /* NetworkService.swift */ = {isa = PBXFileReference; fileEncoding = 4; lastKnownFileType = sourcecode.swift; path = NetworkService.swift; sourceTree = "<group>"; };
		5D9357081E6C538800D0CD9B /* CoreDataStack.swift */ = {isa = PBXFileReference; fileEncoding = 4; lastKnownFileType = sourcecode.swift; path = CoreDataStack.swift; sourceTree = "<group>"; };
		7BE1C90DF9E13FF6E4584CAF /* Pods-RSS Reader.release.xcconfig */ = {isa = PBXFileReference; includeInIndex = 1; lastKnownFileType = text.xcconfig; name = "Pods-RSS Reader.release.xcconfig"; path = "Pods/Target Support Files/Pods-RSS Reader/Pods-RSS Reader.release.xcconfig"; sourceTree = "<group>"; };
		7D7ED633CD3415CF28A98110 /* Pods-RSS Reader.debug.xcconfig */ = {isa = PBXFileReference; includeInIndex = 1; lastKnownFileType = text.xcconfig; name = "Pods-RSS Reader.debug.xcconfig"; path = "Pods/Target Support Files/Pods-RSS Reader/Pods-RSS Reader.debug.xcconfig"; sourceTree = "<group>"; };
/* End PBXFileReference section */

/* Begin PBXFrameworksBuildPhase section */
		5D9356B51E6C499D00D0CD9B /* Frameworks */ = {
			isa = PBXFrameworksBuildPhase;
			buildActionMask = 2147483647;
			files = (
				8CBE655368CEF5F7D9B86028 /* Pods_RSS_Reader.framework in Frameworks */,
			);
			runOnlyForDeploymentPostprocessing = 0;
		};
/* End PBXFrameworksBuildPhase section */

/* Begin PBXGroup section */
		23D7407B189676C33E2D5C48 /* Frameworks */ = {
			isa = PBXGroup;
			children = (
				1544EBD944FE0D66394ED553 /* Pods_RSS_Reader.framework */,
			);
			name = Frameworks;
			sourceTree = "<group>";
		};
		5D4F4E801E6CA06C00469846 /* Helpers */ = {
			isa = PBXGroup;
			children = (
				5D4F4E811E6CA0A300469846 /* TableViewCellBuilder.swift */,
			);
			name = Helpers;
			sourceTree = "<group>";
		};
		5D4F4E891E6CA2EA00469846 /* RSSListTableViewCell */ = {
			isa = PBXGroup;
			children = (
				5D4F4E851E6CA2E100469846 /* RSSListTableViewCell.swift */,
				5D4F4E861E6CA2E100469846 /* RSSListTableViewCell.xib */,
			);
			name = RSSListTableViewCell;
			sourceTree = "<group>";
		};
		5D4F4E911E6CDE6A00469846 /* RSSNewsTableViewCell */ = {
			isa = PBXGroup;
			children = (
				5D4F4E921E6CDE9700469846 /* RSSNewsTableViewCell.swift */,
				5D4F4E931E6CDE9700469846 /* RSSNewsTableViewCell.xib */,
			);
			name = RSSNewsTableViewCell;
			sourceTree = "<group>";
		};
		5D4F4E961E6D761A00469846 /* RSSNewsDetailsTableViewCell */ = {
			isa = PBXGroup;
			children = (
				5D4F4E971E6D767800469846 /* RSSNewsDetailsTableViewCell.swift */,
				5D4F4E981E6D767800469846 /* RSSNewsDetailsTableViewCell.xib */,
			);
			name = RSSNewsDetailsTableViewCell;
			sourceTree = "<group>";
		};
		5D9356AF1E6C499D00D0CD9B = {
			isa = PBXGroup;
			children = (
				5D9356BA1E6C499D00D0CD9B /* RSS Reader */,
				5D9356B91E6C499D00D0CD9B /* Products */,
				9987DC02FF02DD8528145B77 /* Pods */,
				23D7407B189676C33E2D5C48 /* Frameworks */,
			);
			sourceTree = "<group>";
		};
		5D9356B91E6C499D00D0CD9B /* Products */ = {
			isa = PBXGroup;
			children = (
				5D9356B81E6C499D00D0CD9B /* RSS Reader.app */,
			);
			name = Products;
			sourceTree = "<group>";
		};
		5D9356BA1E6C499D00D0CD9B /* RSS Reader */ = {
			isa = PBXGroup;
			children = (
				5D9356BB1E6C499D00D0CD9B /* AppDelegate.swift */,
				5D4F4E801E6CA06C00469846 /* Helpers */,
				5D9356D21E6C49D300D0CD9B /* Views */,
				5D9356D11E6C49CB00D0CD9B /* Controllers */,
				5D9356D01E6C49C400D0CD9B /* Model */,
				5D9356D41E6C49F700D0CD9B /* Services */,
				5D9356D31E6C49E600D0CD9B /* Frameworks */,
				5D9356BF1E6C499D00D0CD9B /* Main.storyboard */,
				5D9356C51E6C499D00D0CD9B /* Assets.xcassets */,
				5D9356C71E6C499D00D0CD9B /* LaunchScreen.storyboard */,
				5D9356CA1E6C499D00D0CD9B /* Info.plist */,
				5D4F4E8B1E6CB9F600469846 /* Alert.swift */,
				5D4F4E8F1E6CD9CE00469846 /* Segues.swift */,
				5D4F4E7C1E6C75C900469846 /* Constants.swift */,
				5D4F4E7E1E6C95BB00469846 /* Extensions.swift */,
				5D9356C21E6C499D00D0CD9B /* RSS_Reader.xcdatamodeld */,
			);
			path = "RSS Reader";
			sourceTree = "<group>";
		};
		5D9356D01E6C49C400D0CD9B /* Model */ = {
			isa = PBXGroup;
			children = (
				5D9356FE1E6C530100D0CD9B /* RSSSource+CoreDataClass.swift */,
				5D9356FF1E6C530100D0CD9B /* RSSSource+CoreDataProperties.swift */,
				5D9357001E6C530100D0CD9B /* RSSNews+CoreDataClass.swift */,
				5D9357011E6C530100D0CD9B /* RSSNews+CoreDataProperties.swift */,
			);
			name = Model;
			sourceTree = "<group>";
		};
		5D9356D11E6C49CB00D0CD9B /* Controllers */ = {
			isa = PBXGroup;
			children = (
				5D9356D51E6C4AD400D0CD9B /* BaseViewController.swift */,
				5D9356D81E6C4B0600D0CD9B /* RSSListViewController.swift */,
				5D9356DA1E6C4B6D00D0CD9B /* RSSNewsFeedViewController.swift */,
				5D9356DC1E6C4B8000D0CD9B /* RSSNewsDetailsViewController.swift */,
			);
			name = Controllers;
			sourceTree = "<group>";
		};
		5D9356D21E6C49D300D0CD9B /* Views */ = {
			isa = PBXGroup;
			children = (
				5D4F4E831E6CA11000469846 /* BaseTableViewCell.swift */,
				5D4F4E8D1E6CD52B00469846 /* LoadingView.swift */,
				5D4F4E961E6D761A00469846 /* RSSNewsDetailsTableViewCell */,
				5D4F4E911E6CDE6A00469846 /* RSSNewsTableViewCell */,
				5D4F4E891E6CA2EA00469846 /* RSSListTableViewCell */,
			);
			name = Views;
			sourceTree = "<group>";
		};
		5D9356D31E6C49E600D0CD9B /* Frameworks */ = {
			isa = PBXGroup;
			children = (
				5D4F4E781E6C5E8F00469846 /* SwiftyJSON.swift */,
			);
			name = Frameworks;
			sourceTree = "<group>";
		};
		5D9356D41E6C49F700D0CD9B /* Services */ = {
			isa = PBXGroup;
			children = (
				5D9357061E6C536F00D0CD9B /* NetworkService.swift */,
				5D4F4E7A1E6C702F00469846 /* RequestService.swift */,
				5D9357081E6C538800D0CD9B /* CoreDataStack.swift */,
			);
			name = Services;
			sourceTree = "<group>";
		};
		9987DC02FF02DD8528145B77 /* Pods */ = {
			isa = PBXGroup;
			children = (
				7D7ED633CD3415CF28A98110 /* Pods-RSS Reader.debug.xcconfig */,
				7BE1C90DF9E13FF6E4584CAF /* Pods-RSS Reader.release.xcconfig */,
			);
			name = Pods;
			sourceTree = "<group>";
		};
/* End PBXGroup section */

/* Begin PBXNativeTarget section */
		5D9356B71E6C499D00D0CD9B /* RSS Reader */ = {
			isa = PBXNativeTarget;
			buildConfigurationList = 5D9356CD1E6C499D00D0CD9B /* Build configuration list for PBXNativeTarget "RSS Reader" */;
			buildPhases = (
				D4E44CDA9E44585DBA94DEB6 /* [CP] Check Pods Manifest.lock */,
				5D9356B41E6C499D00D0CD9B /* Sources */,
				5D9356B51E6C499D00D0CD9B /* Frameworks */,
				5D9356B61E6C499D00D0CD9B /* Resources */,
				2ACC80176D52AE27FB3BC9F3 /* [CP] Embed Pods Frameworks */,
				3631F28E7C340D47739F91FE /* [CP] Copy Pods Resources */,
			);
			buildRules = (
			);
			dependencies = (
			);
			name = "RSS Reader";
			productName = "RSS Reader";
			productReference = 5D9356B81E6C499D00D0CD9B /* RSS Reader.app */;
			productType = "com.apple.product-type.application";
		};
/* End PBXNativeTarget section */

/* Begin PBXProject section */
		5D9356B01E6C499D00D0CD9B /* Project object */ = {
			isa = PBXProject;
			attributes = {
				LastSwiftUpdateCheck = 0820;
				LastUpgradeCheck = 0820;
				ORGANIZATIONNAME = kulakoff;
				TargetAttributes = {
					5D9356B71E6C499D00D0CD9B = {
						CreatedOnToolsVersion = 8.2.1;
						DevelopmentTeam = XESDW7394F;
						ProvisioningStyle = Automatic;
					};
				};
			};
			buildConfigurationList = 5D9356B31E6C499D00D0CD9B /* Build configuration list for PBXProject "RSS Reader" */;
			compatibilityVersion = "Xcode 3.2";
			developmentRegion = English;
			hasScannedForEncodings = 0;
			knownRegions = (
				en,
				Base,
			);
			mainGroup = 5D9356AF1E6C499D00D0CD9B;
			productRefGroup = 5D9356B91E6C499D00D0CD9B /* Products */;
			projectDirPath = "";
			projectRoot = "";
			targets = (
				5D9356B71E6C499D00D0CD9B /* RSS Reader */,
			);
		};
/* End PBXProject section */

/* Begin PBXResourcesBuildPhase section */
		5D9356B61E6C499D00D0CD9B /* Resources */ = {
			isa = PBXResourcesBuildPhase;
			buildActionMask = 2147483647;
			files = (
				5D4F4E881E6CA2E100469846 /* RSSListTableViewCell.xib in Resources */,
				5D9356C91E6C499D00D0CD9B /* LaunchScreen.storyboard in Resources */,
				5D4F4E9A1E6D767800469846 /* RSSNewsDetailsTableViewCell.xib in Resources */,
				5D9356C61E6C499D00D0CD9B /* Assets.xcassets in Resources */,
				5D4F4E951E6CDE9700469846 /* RSSNewsTableViewCell.xib in Resources */,
				5D9356C11E6C499D00D0CD9B /* Main.storyboard in Resources */,
			);
			runOnlyForDeploymentPostprocessing = 0;
		};
/* End PBXResourcesBuildPhase section */

/* Begin PBXShellScriptBuildPhase section */
		2ACC80176D52AE27FB3BC9F3 /* [CP] Embed Pods Frameworks */ = {
			isa = PBXShellScriptBuildPhase;
			buildActionMask = 2147483647;
			files = (
			);
			inputPaths = (
			);
			name = "[CP] Embed Pods Frameworks";
			outputPaths = (
			);
			runOnlyForDeploymentPostprocessing = 0;
			shellPath = /bin/sh;
			shellScript = "\"${SRCROOT}/Pods/Target Support Files/Pods-RSS Reader/Pods-RSS Reader-frameworks.sh\"\n";
			showEnvVarsInLog = 0;
		};
		3631F28E7C340D47739F91FE /* [CP] Copy Pods Resources */ = {
			isa = PBXShellScriptBuildPhase;
			buildActionMask = 2147483647;
			files = (
			);
			inputPaths = (
			);
			name = "[CP] Copy Pods Resources";
			outputPaths = (
			);
			runOnlyForDeploymentPostprocessing = 0;
			shellPath = /bin/sh;
			shellScript = "\"${SRCROOT}/Pods/Target Support Files/Pods-RSS Reader/Pods-RSS Reader-resources.sh\"\n";
			showEnvVarsInLog = 0;
		};
		D4E44CDA9E44585DBA94DEB6 /* [CP] Check Pods Manifest.lock */ = {
			isa = PBXShellScriptBuildPhase;
			buildActionMask = 2147483647;
			files = (
			);
			inputPaths = (
			);
			name = "[CP] Check Pods Manifest.lock";
			outputPaths = (
			);
			runOnlyForDeploymentPostprocessing = 0;
			shellPath = /bin/sh;
			shellScript = "diff \"${PODS_ROOT}/../Podfile.lock\" \"${PODS_ROOT}/Manifest.lock\" > /dev/null\nif [ $? != 0 ] ; then\n    # print error to STDERR\n    echo \"error: The sandbox is not in sync with the Podfile.lock. Run 'pod install' or update your CocoaPods installation.\" >&2\n    exit 1\nfi\n";
			showEnvVarsInLog = 0;
		};
/* End PBXShellScriptBuildPhase section */

/* Begin PBXSourcesBuildPhase section */
		5D9356B41E6C499D00D0CD9B /* Sources */ = {
			isa = PBXSourcesBuildPhase;
			buildActionMask = 2147483647;
			files = (
				5D9357071E6C536F00D0CD9B /* NetworkService.swift in Sources */,
				5D9357051E6C530100D0CD9B /* RSSNews+CoreDataProperties.swift in Sources */,
				5D9356DB1E6C4B6D00D0CD9B /* RSSNewsFeedViewController.swift in Sources */,
				5D9357091E6C538800D0CD9B /* CoreDataStack.swift in Sources */,
				5D4F4E841E6CA11000469846 /* BaseTableViewCell.swift in Sources */,
				5D4F4E8E1E6CD52B00469846 /* LoadingView.swift in Sources */,
				5D4F4E991E6D767800469846 /* RSSNewsDetailsTableViewCell.swift in Sources */,
				5D9356C41E6C499D00D0CD9B /* RSS_Reader.xcdatamodeld in Sources */,
				5D4F4E7D1E6C75C900469846 /* Constants.swift in Sources */,
				5D9356D91E6C4B0600D0CD9B /* RSSListViewController.swift in Sources */,
				5D9357041E6C530100D0CD9B /* RSSNews+CoreDataClass.swift in Sources */,
				5D4F4E7B1E6C702F00469846 /* RequestService.swift in Sources */,
				5D9356DD1E6C4B8000D0CD9B /* RSSNewsDetailsViewController.swift in Sources */,
				5D9356BC1E6C499D00D0CD9B /* AppDelegate.swift in Sources */,
				5D4F4E7F1E6C95BB00469846 /* Extensions.swift in Sources */,
				5D9357031E6C530100D0CD9B /* RSSSource+CoreDataProperties.swift in Sources */,
				5D9357021E6C530100D0CD9B /* RSSSource+CoreDataClass.swift in Sources */,
				5D4F4E821E6CA0A300469846 /* TableViewCellBuilder.swift in Sources */,
				5D4F4E871E6CA2E100469846 /* RSSListTableViewCell.swift in Sources */,
				5D4F4E791E6C5E8F00469846 /* SwiftyJSON.swift in Sources */,
				5D4F4E901E6CD9CE00469846 /* Segues.swift in Sources */,
				5D4F4E8C1E6CB9F600469846 /* Alert.swift in Sources */,
				5D9356D61E6C4AD400D0CD9B /* BaseViewController.swift in Sources */,
				5D4F4E941E6CDE9700469846 /* RSSNewsTableViewCell.swift in Sources */,
			);
			runOnlyForDeploymentPostprocessing = 0;
		};
/* End PBXSourcesBuildPhase section */

/* Begin PBXVariantGroup section */
		5D9356BF1E6C499D00D0CD9B /* Main.storyboard */ = {
			isa = PBXVariantGroup;
			children = (
				5D9356C01E6C499D00D0CD9B /* Base */,
			);
			name = Main.storyboard;
			sourceTree = "<group>";
		};
		5D9356C71E6C499D00D0CD9B /* LaunchScreen.storyboard */ = {
			isa = PBXVariantGroup;
			children = (
				5D9356C81E6C499D00D0CD9B /* Base */,
			);
			name = LaunchScreen.storyboard;
			sourceTree = "<group>";
		};
/* End PBXVariantGroup section */

/* Begin XCBuildConfiguration section */
		5D9356CB1E6C499D00D0CD9B /* Debug */ = {
			isa = XCBuildConfiguration;
			buildSettings = {
				ALWAYS_SEARCH_USER_PATHS = NO;
				CLANG_ANALYZER_NONNULL = YES;
				CLANG_CXX_LANGUAGE_STANDARD = "gnu++0x";
				CLANG_CXX_LIBRARY = "libc++";
				CLANG_ENABLE_MODULES = YES;
				CLANG_ENABLE_OBJC_ARC = YES;
				CLANG_WARN_BOOL_CONVERSION = YES;
				CLANG_WARN_CONSTANT_CONVERSION = YES;
				CLANG_WARN_DIRECT_OBJC_ISA_USAGE = YES_ERROR;
				CLANG_WARN_DOCUMENTATION_COMMENTS = YES;
				CLANG_WARN_EMPTY_BODY = YES;
				CLANG_WARN_ENUM_CONVERSION = YES;
				CLANG_WARN_INFINITE_RECURSION = YES;
				CLANG_WARN_INT_CONVERSION = YES;
				CLANG_WARN_OBJC_ROOT_CLASS = YES_ERROR;
				CLANG_WARN_SUSPICIOUS_MOVE = YES;
				CLANG_WARN_UNREACHABLE_CODE = YES;
				CLANG_WARN__DUPLICATE_METHOD_MATCH = YES;
				"CODE_SIGN_IDENTITY[sdk=iphoneos*]" = "iPhone Developer";
				COPY_PHASE_STRIP = NO;
				DEBUG_INFORMATION_FORMAT = dwarf;
				ENABLE_STRICT_OBJC_MSGSEND = YES;
				ENABLE_TESTABILITY = YES;
				GCC_C_LANGUAGE_STANDARD = gnu99;
				GCC_DYNAMIC_NO_PIC = NO;
				GCC_NO_COMMON_BLOCKS = YES;
				GCC_OPTIMIZATION_LEVEL = 0;
				GCC_PREPROCESSOR_DEFINITIONS = (
					"DEBUG=1",
					"$(inherited)",
				);
				GCC_WARN_64_TO_32_BIT_CONVERSION = YES;
				GCC_WARN_ABOUT_RETURN_TYPE = YES_ERROR;
				GCC_WARN_UNDECLARED_SELECTOR = YES;
				GCC_WARN_UNINITIALIZED_AUTOS = YES_AGGRESSIVE;
				GCC_WARN_UNUSED_FUNCTION = YES;
				GCC_WARN_UNUSED_VARIABLE = YES;
				IPHONEOS_DEPLOYMENT_TARGET = 10.2;
				MTL_ENABLE_DEBUG_INFO = YES;
				ONLY_ACTIVE_ARCH = YES;
				SDKROOT = iphoneos;
				SWIFT_ACTIVE_COMPILATION_CONDITIONS = DEBUG;
				SWIFT_OPTIMIZATION_LEVEL = "-Onone";
			};
			name = Debug;
		};
		5D9356CC1E6C499D00D0CD9B /* Release */ = {
			isa = XCBuildConfiguration;
			buildSettings = {
				ALWAYS_SEARCH_USER_PATHS = NO;
				CLANG_ANALYZER_NONNULL = YES;
				CLANG_CXX_LANGUAGE_STANDARD = "gnu++0x";
				CLANG_CXX_LIBRARY = "libc++";
				CLANG_ENABLE_MODULES = YES;
				CLANG_ENABLE_OBJC_ARC = YES;
				CLANG_WARN_BOOL_CONVERSION = YES;
				CLANG_WARN_CONSTANT_CONVERSION = YES;
				CLANG_WARN_DIRECT_OBJC_ISA_USAGE = YES_ERROR;
				CLANG_WARN_DOCUMENTATION_COMMENTS = YES;
				CLANG_WARN_EMPTY_BODY = YES;
				CLANG_WARN_ENUM_CONVERSION = YES;
				CLANG_WARN_INFINITE_RECURSION = YES;
				CLANG_WARN_INT_CONVERSION = YES;
				CLANG_WARN_OBJC_ROOT_CLASS = YES_ERROR;
				CLANG_WARN_SUSPICIOUS_MOVE = YES;
				CLANG_WARN_UNREACHABLE_CODE = YES;
				CLANG_WARN__DUPLICATE_METHOD_MATCH = YES;
				"CODE_SIGN_IDENTITY[sdk=iphoneos*]" = "iPhone Developer";
				COPY_PHASE_STRIP = NO;
				DEBUG_INFORMATION_FORMAT = "dwarf-with-dsym";
				ENABLE_NS_ASSERTIONS = NO;
				ENABLE_STRICT_OBJC_MSGSEND = YES;
				GCC_C_LANGUAGE_STANDARD = gnu99;
				GCC_NO_COMMON_BLOCKS = YES;
				GCC_WARN_64_TO_32_BIT_CONVERSION = YES;
				GCC_WARN_ABOUT_RETURN_TYPE = YES_ERROR;
				GCC_WARN_UNDECLARED_SELECTOR = YES;
				GCC_WARN_UNINITIALIZED_AUTOS = YES_AGGRESSIVE;
				GCC_WARN_UNUSED_FUNCTION = YES;
				GCC_WARN_UNUSED_VARIABLE = YES;
				IPHONEOS_DEPLOYMENT_TARGET = 10.2;
				MTL_ENABLE_DEBUG_INFO = NO;
				SDKROOT = iphoneos;
				SWIFT_OPTIMIZATION_LEVEL = "-Owholemodule";
				VALIDATE_PRODUCT = YES;
			};
			name = Release;
		};
		5D9356CE1E6C499D00D0CD9B /* Debug */ = {
			isa = XCBuildConfiguration;
			baseConfigurationReference = 7D7ED633CD3415CF28A98110 /* Pods-RSS Reader.debug.xcconfig */;
			buildSettings = {
				ASSETCATALOG_COMPILER_APPICON_NAME = AppIcon;
				DEVELOPMENT_TEAM = XESDW7394F;
				INFOPLIST_FILE = "RSS Reader/Info.plist";
				IPHONEOS_DEPLOYMENT_TARGET = 10.0;
				LD_RUNPATH_SEARCH_PATHS = "$(inherited) @executable_path/Frameworks";
				PRODUCT_BUNDLE_IDENTIFIER = "com.kulakoff.RSS-Reader";
				PRODUCT_NAME = "$(TARGET_NAME)";
				SWIFT_VERSION = 3.0;
			};
			name = Debug;
		};
		5D9356CF1E6C499D00D0CD9B /* Release */ = {
			isa = XCBuildConfiguration;
			baseConfigurationReference = 7BE1C90DF9E13FF6E4584CAF /* Pods-RSS Reader.release.xcconfig */;
			buildSettings = {
				ASSETCATALOG_COMPILER_APPICON_NAME = AppIcon;
				DEVELOPMENT_TEAM = XESDW7394F;
				INFOPLIST_FILE = "RSS Reader/Info.plist";
				IPHONEOS_DEPLOYMENT_TARGET = 10.0;
				LD_RUNPATH_SEARCH_PATHS = "$(inherited) @executable_path/Frameworks";
				PRODUCT_BUNDLE_IDENTIFIER = "com.kulakoff.RSS-Reader";
				PRODUCT_NAME = "$(TARGET_NAME)";
				SWIFT_VERSION = 3.0;
			};
			name = Release;
		};
/* End XCBuildConfiguration section */

/* Begin XCConfigurationList section */
		5D9356B31E6C499D00D0CD9B /* Build configuration list for PBXProject "RSS Reader" */ = {
			isa = XCConfigurationList;
			buildConfigurations = (
				5D9356CB1E6C499D00D0CD9B /* Debug */,
				5D9356CC1E6C499D00D0CD9B /* Release */,
			);
			defaultConfigurationIsVisible = 0;
			defaultConfigurationName = Release;
		};
		5D9356CD1E6C499D00D0CD9B /* Build configuration list for PBXNativeTarget "RSS Reader" */ = {
			isa = XCConfigurationList;
			buildConfigurations = (
				5D9356CE1E6C499D00D0CD9B /* Debug */,
				5D9356CF1E6C499D00D0CD9B /* Release */,
			);
			defaultConfigurationIsVisible = 0;
			defaultConfigurationName = Release;
		};
/* End XCConfigurationList section */

/* Begin XCVersionGroup section */
		5D9356C21E6C499D00D0CD9B /* RSS_Reader.xcdatamodeld */ = {
			isa = XCVersionGroup;
			children = (
				5D9356C31E6C499D00D0CD9B /* RSS_Reader.xcdatamodel */,
			);
			currentVersion = 5D9356C31E6C499D00D0CD9B /* RSS_Reader.xcdatamodel */;
			path = RSS_Reader.xcdatamodeld;
			sourceTree = "<group>";
			versionGroupType = wrapper.xcdatamodel;
		};
/* End XCVersionGroup section */
	};
	rootObject = 5D9356B01E6C499D00D0CD9B /* Project object */;
}
